
Microsoft Visual Studio Solution File, Format Version 12.00
# Visual Studio Version 17
VisualStudioVersion = 17.14.36915.13 d17.14
MinimumVisualStudioVersion = 10.0.40219.1
Project("{FAE04EC0-301F-11D3-BF4B-00C04F79EFBC}") = "Kopteva.UI", "Kopteva.UI\Kopteva.UI.csproj", "{1A2957D0-1ACF-443A-B814-D787AFF46F7B}"
EndProject
Global
	GlobalSection(SolutionConfigurationPlatforms) = preSolution
		Debug|Any CPU = Debug|Any CPU
		Release|Any CPU = Release|Any CPU
	EndGlobalSection
	GlobalSection(ProjectConfigurationPlatforms) = postSolution
		{1A2957D0-1ACF-443A-B814-D787AFF46F7B}.Debug|Any CPU.ActiveCfg = Debug|Any CPU
		{1A2957D0-1ACF-443A-B814-D787AFF46F7B}.Debug|Any CPU.Build.0 = Debug|Any CPU
		{1A2957D0-1ACF-443A-B814-D787AFF46F7B}.Release|Any CPU.ActiveCfg = Release|Any CPU
		{1A2957D0-1ACF-443A-B814-D787AFF46F7B}.Release|Any CPU.Build.0 = Release|Any CPU
	EndGlobalSection
	GlobalSection(SolutionProperties) = preSolution
		HideSolutionNode = FALSE
	EndGlobalSection
	GlobalSection(ExtensibilityGlobals) = postSolution
		SolutionGuid = {626FDF99-1938-4A8E-85E4-70326BD7E074}
	EndGlobalSection
EndGlobal
